
Microsoft Visual Studio Solution File, Format Version 12.00
# Visual Studio Version 17
VisualStudioVersion = 17.14.36511.14 d17.14
MinimumVisualStudioVersion = 10.0.40219.1
Project("{FAE04EC0-301F-11D3-BF4B-00C04F79EFBC}") = "ork_ork", "ork_ork\ork_ork.csproj", "{A1D450FF-8763-4488-8A72-174103436D97}"
EndProject
Global
	GlobalSection(SolutionConfigurationPlatforms) = preSolution
		Debug|Any CPU = Debug|Any CPU
		Release|Any CPU = Release|Any CPU
	EndGlobalSection
	GlobalSection(ProjectConfigurationPlatforms) = postSolution
		{A1D450FF-8763-4488-8A72-174103436D97}.Debug|Any CPU.ActiveCfg = Debug|Any CPU
		{A1D450FF-8763-4488-8A72-174103436D97}.Debug|Any CPU.Build.0 = Debug|Any CPU
		{A1D450FF-8763-4488-8A72-174103436D97}.Release|Any CPU.ActiveCfg = Release|Any CPU
		{A1D450FF-8763-4488-8A72-174103436D97}.Release|Any CPU.Build.0 = Release|Any CPU
	EndGlobalSection
	GlobalSection(SolutionProperties) = preSolution
		HideSolutionNode = FALSE
	EndGlobalSection
	GlobalSection(ExtensibilityGlobals) = postSolution
		SolutionGuid = {824617E2-2C80-4F5F-97B3-8F08BE29A236}
	EndGlobalSection
EndGlobal
